// !$*UTF8*$!
{
	archiveVersion = 1;
	classes = {
	};
	objectVersion = 50;
	objects = {

/* Begin PBXBuildFile section */
		21062025214131CB00BA2050 /* UIView+constraints.swift in Sources */ = {isa = PBXBuildFile; fileRef = 21062024214131CB00BA2050 /* UIView+constraints.swift */; };
		210C04D2213CAF7E00576564 /* DatabaseService.swift in Sources */ = {isa = PBXBuildFile; fileRef = 210C04D1213CAF7E00576564 /* DatabaseService.swift */; };
		2122019E21436D3000EE8A06 /* LoginViewController.swift in Sources */ = {isa = PBXBuildFile; fileRef = 2122019D21436D3000EE8A06 /* LoginViewController.swift */; };
		2125E6AE214E4AF0002FE54B /* UIColor.swift in Sources */ = {isa = PBXBuildFile; fileRef = 2125E6AD214E4AF0002FE54B /* UIColor.swift */; };
		2135DD81215F40CF004AAC96 /* ViewModel.swift in Sources */ = {isa = PBXBuildFile; fileRef = 2135DD80215F40CF004AAC96 /* ViewModel.swift */; };
		2135DD89215F437E004AAC96 /* Task.swift in Sources */ = {isa = PBXBuildFile; fileRef = 2135DD88215F437E004AAC96 /* Task.swift */; };
		2135DD8B215F45EB004AAC96 /* DataModel.swift in Sources */ = {isa = PBXBuildFile; fileRef = 2135DD8A215F45EB004AAC96 /* DataModel.swift */; };
		213DA7122153A03E00D0C7AF /* Cells.swift in Sources */ = {isa = PBXBuildFile; fileRef = 213DA7102153A03E00D0C7AF /* Cells.swift */; };
		213DA7132153A03E00D0C7AF /* ToolTableViewCell.xib in Resources */ = {isa = PBXBuildFile; fileRef = 213DA7112153A03E00D0C7AF /* ToolTableViewCell.xib */; };
		213DA71B2153A0F500D0C7AF /* ModelTableViewCell.xib in Resources */ = {isa = PBXBuildFile; fileRef = 213DA7192153A0F500D0C7AF /* ModelTableViewCell.xib */; };
		219065B12158BD87004D96AC /* UIImage.swift in Sources */ = {isa = PBXBuildFile; fileRef = 219065B02158BD87004D96AC /* UIImage.swift */; };
		219065B32158D272004D96AC /* UITableViewCell.swift in Sources */ = {isa = PBXBuildFile; fileRef = 219065B22158D272004D96AC /* UITableViewCell.swift */; };
		2195F4BA2159DEFA00309990 /* PickupViewController.swift in Sources */ = {isa = PBXBuildFile; fileRef = 2195F4B92159DEFA00309990 /* PickupViewController.swift */; };
		21A265E92140781200671F6C /* ProductsTableViewController.swift in Sources */ = {isa = PBXBuildFile; fileRef = 21A265E82140781200671F6C /* ProductsTableViewController.swift */; };
		21A265EB2140782E00671F6C /* ToolsTableViewController.swift in Sources */ = {isa = PBXBuildFile; fileRef = 21A265EA2140782E00671F6C /* ToolsTableViewController.swift */; };
		21A265ED2140787100671F6C /* SitesTableViewController.swift in Sources */ = {isa = PBXBuildFile; fileRef = 21A265EC2140787100671F6C /* SitesTableViewController.swift */; };
		21A67484214220020012B555 /* ItemEditorController.swift in Sources */ = {isa = PBXBuildFile; fileRef = 21A67483214220020012B555 /* ItemEditorController.swift */; };
		21BBC786213E5A330006B5B4 /* Static.swift in Sources */ = {isa = PBXBuildFile; fileRef = 21BBC785213E5A330006B5B4 /* Static.swift */; };
		21BBC788213E63F00006B5B4 /* Tool.swift in Sources */ = {isa = PBXBuildFile; fileRef = 21BBC787213E63F00006B5B4 /* Tool.swift */; };
		21BBC78A213E65890006B5B4 /* Product.swift in Sources */ = {isa = PBXBuildFile; fileRef = 21BBC789213E65890006B5B4 /* Product.swift */; };
		21BBC78C213E681D0006B5B4 /* Worker.swift in Sources */ = {isa = PBXBuildFile; fileRef = 21BBC78B213E681D0006B5B4 /* Worker.swift */; };
		21BBC78E213E69440006B5B4 /* Site.swift in Sources */ = {isa = PBXBuildFile; fileRef = 21BBC78D213E69440006B5B4 /* Site.swift */; };
		21BBC790213E6BB00006B5B4 /* Service.swift in Sources */ = {isa = PBXBuildFile; fileRef = 21BBC78F213E6BB00006B5B4 /* Service.swift */; };
		21C4B346216B3D6900913ADB /* TaskEditorViewController.swift in Sources */ = {isa = PBXBuildFile; fileRef = 21C4B345216B3D6900913ADB /* TaskEditorViewController.swift */; };
		21D8D656213F96E00092AEBB /* ServicesTableViewController.swift in Sources */ = {isa = PBXBuildFile; fileRef = 21D8D655213F96E00092AEBB /* ServicesTableViewController.swift */; };
		21D8D658213F97170092AEBB /* WorkersTableViewController.swift in Sources */ = {isa = PBXBuildFile; fileRef = 21D8D657213F97170092AEBB /* WorkersTableViewController.swift */; };
		21D8D65B213FE30D0092AEBB /* PageRouterViewController.swift in Sources */ = {isa = PBXBuildFile; fileRef = 21D8D65A213FE30D0092AEBB /* PageRouterViewController.swift */; };
		21DF277E214E0A6800BB2799 /* TagTableViewCell.swift in Sources */ = {isa = PBXBuildFile; fileRef = 21DF277C214E0A6800BB2799 /* TagTableViewCell.swift */; };
		21DF277F214E0A6800BB2799 /* TagTableViewCell.xib in Resources */ = {isa = PBXBuildFile; fileRef = 21DF277D214E0A6800BB2799 /* TagTableViewCell.xib */; };
		21EA13A2213622C800C5CB34 /* AppDelegate.swift in Sources */ = {isa = PBXBuildFile; fileRef = 21EA13A1213622C800C5CB34 /* AppDelegate.swift */; };
		21EA13A7213622C800C5CB34 /* Main.storyboard in Resources */ = {isa = PBXBuildFile; fileRef = 21EA13A5213622C800C5CB34 /* Main.storyboard */; };
		21EA13AA213622C800C5CB34 /* TaskTrackr.xcdatamodeld in Sources */ = {isa = PBXBuildFile; fileRef = 21EA13A8213622C800C5CB34 /* TaskTrackr.xcdatamodeld */; };
		21EA13AC213622C900C5CB34 /* Assets.xcassets in Resources */ = {isa = PBXBuildFile; fileRef = 21EA13AB213622C900C5CB34 /* Assets.xcassets */; };
		21EA13AF213622C900C5CB34 /* LaunchScreen.storyboard in Resources */ = {isa = PBXBuildFile; fileRef = 21EA13AD213622C900C5CB34 /* LaunchScreen.storyboard */; };
		21EA13C121364FF200C5CB34 /* TaskTrackingViewController.swift in Sources */ = {isa = PBXBuildFile; fileRef = 21EA13C021364FF200C5CB34 /* TaskTrackingViewController.swift */; };
		21EA13C32136505200C5CB34 /* TaskSearchTableViewController.swift in Sources */ = {isa = PBXBuildFile; fileRef = 21EA13C22136505200C5CB34 /* TaskSearchTableViewController.swift */; };
		21F7A8CF214E263A00A01AB5 /* TagControlTableViewCell.xib in Resources */ = {isa = PBXBuildFile; fileRef = 21F7A8CD214E263A00A01AB5 /* TagControlTableViewCell.xib */; };
		B7F2E06E71D2CEECD93433CC /* Pods_TaskTrackr.framework in Frameworks */ = {isa = PBXBuildFile; fileRef = 9A6487C605C9341862DA23B1 /* Pods_TaskTrackr.framework */; };
/* End PBXBuildFile section */

/* Begin PBXFileReference section */
		21062024214131CB00BA2050 /* UIView+constraints.swift */ = {isa = PBXFileReference; fileEncoding = 4; lastKnownFileType = sourcecode.swift; path = "UIView+constraints.swift"; sourceTree = "<group>"; };
		210C04D1213CAF7E00576564 /* DatabaseService.swift */ = {isa = PBXFileReference; lastKnownFileType = sourcecode.swift; path = DatabaseService.swift; sourceTree = "<group>"; };
		2122019D21436D3000EE8A06 /* LoginViewController.swift */ = {isa = PBXFileReference; lastKnownFileType = sourcecode.swift; path = LoginViewController.swift; sourceTree = "<group>"; };
		2125E6AD214E4AF0002FE54B /* UIColor.swift */ = {isa = PBXFileReference; lastKnownFileType = sourcecode.swift; path = UIColor.swift; sourceTree = "<group>"; };
		2135DD80215F40CF004AAC96 /* ViewModel.swift */ = {isa = PBXFileReference; lastKnownFileType = sourcecode.swift; path = ViewModel.swift; sourceTree = "<group>"; };
		2135DD88215F437E004AAC96 /* Task.swift */ = {isa = PBXFileReference; lastKnownFileType = sourcecode.swift; path = Task.swift; sourceTree = "<group>"; };
		2135DD8A215F45EB004AAC96 /* DataModel.swift */ = {isa = PBXFileReference; lastKnownFileType = sourcecode.swift; path = DataModel.swift; sourceTree = "<group>"; };
		213DA7102153A03E00D0C7AF /* Cells.swift */ = {isa = PBXFileReference; lastKnownFileType = sourcecode.swift; path = Cells.swift; sourceTree = "<group>"; };
		213DA7112153A03E00D0C7AF /* ToolTableViewCell.xib */ = {isa = PBXFileReference; lastKnownFileType = file.xib; path = ToolTableViewCell.xib; sourceTree = "<group>"; };
		213DA7192153A0F500D0C7AF /* ModelTableViewCell.xib */ = {isa = PBXFileReference; lastKnownFileType = file.xib; path = ModelTableViewCell.xib; sourceTree = "<group>"; };
		219065B02158BD87004D96AC /* UIImage.swift */ = {isa = PBXFileReference; lastKnownFileType = sourcecode.swift; path = UIImage.swift; sourceTree = "<group>"; };
		219065B22158D272004D96AC /* UITableViewCell.swift */ = {isa = PBXFileReference; lastKnownFileType = sourcecode.swift; path = UITableViewCell.swift; sourceTree = "<group>"; };
		2195F4B92159DEFA00309990 /* PickupViewController.swift */ = {isa = PBXFileReference; lastKnownFileType = sourcecode.swift; path = PickupViewController.swift; sourceTree = "<group>"; };
		21A265E82140781200671F6C /* ProductsTableViewController.swift */ = {isa = PBXFileReference; lastKnownFileType = sourcecode.swift; path = ProductsTableViewController.swift; sourceTree = "<group>"; };
		21A265EA2140782E00671F6C /* ToolsTableViewController.swift */ = {isa = PBXFileReference; lastKnownFileType = sourcecode.swift; path = ToolsTableViewController.swift; sourceTree = "<group>"; };
		21A265EC2140787100671F6C /* SitesTableViewController.swift */ = {isa = PBXFileReference; lastKnownFileType = sourcecode.swift; path = SitesTableViewController.swift; sourceTree = "<group>"; };
		21A67483214220020012B555 /* ItemEditorController.swift */ = {isa = PBXFileReference; lastKnownFileType = sourcecode.swift; path = ItemEditorController.swift; sourceTree = "<group>"; wrapsLines = 1; };
		21BBC785213E5A330006B5B4 /* Static.swift */ = {isa = PBXFileReference; lastKnownFileType = sourcecode.swift; path = Static.swift; sourceTree = "<group>"; };
		21BBC787213E63F00006B5B4 /* Tool.swift */ = {isa = PBXFileReference; lastKnownFileType = sourcecode.swift; path = Tool.swift; sourceTree = "<group>"; };
		21BBC789213E65890006B5B4 /* Product.swift */ = {isa = PBXFileReference; lastKnownFileType = sourcecode.swift; path = Product.swift; sourceTree = "<group>"; };
		21BBC78B213E681D0006B5B4 /* Worker.swift */ = {isa = PBXFileReference; lastKnownFileType = sourcecode.swift; path = Worker.swift; sourceTree = "<group>"; };
		21BBC78D213E69440006B5B4 /* Site.swift */ = {isa = PBXFileReference; lastKnownFileType = sourcecode.swift; path = Site.swift; sourceTree = "<group>"; };
		21BBC78F213E6BB00006B5B4 /* Service.swift */ = {isa = PBXFileReference; lastKnownFileType = sourcecode.swift; path = Service.swift; sourceTree = "<group>"; };
		21C4B345216B3D6900913ADB /* TaskEditorViewController.swift */ = {isa = PBXFileReference; lastKnownFileType = sourcecode.swift; path = TaskEditorViewController.swift; sourceTree = "<group>"; };
		21D8D655213F96E00092AEBB /* ServicesTableViewController.swift */ = {isa = PBXFileReference; lastKnownFileType = sourcecode.swift; path = ServicesTableViewController.swift; sourceTree = "<group>"; };
		21D8D657213F97170092AEBB /* WorkersTableViewController.swift */ = {isa = PBXFileReference; lastKnownFileType = sourcecode.swift; path = WorkersTableViewController.swift; sourceTree = "<group>"; };
		21D8D65A213FE30D0092AEBB /* PageRouterViewController.swift */ = {isa = PBXFileReference; lastKnownFileType = sourcecode.swift; path = PageRouterViewController.swift; sourceTree = "<group>"; };
		21DF277C214E0A6800BB2799 /* TagTableViewCell.swift */ = {isa = PBXFileReference; lastKnownFileType = sourcecode.swift; path = TagTableViewCell.swift; sourceTree = "<group>"; };
		21DF277D214E0A6800BB2799 /* TagTableViewCell.xib */ = {isa = PBXFileReference; lastKnownFileType = file.xib; path = TagTableViewCell.xib; sourceTree = "<group>"; };
		21EA139E213622C800C5CB34 /* TaskTrackr.app */ = {isa = PBXFileReference; explicitFileType = wrapper.application; includeInIndex = 0; path = TaskTrackr.app; sourceTree = BUILT_PRODUCTS_DIR; };
		21EA13A1213622C800C5CB34 /* AppDelegate.swift */ = {isa = PBXFileReference; lastKnownFileType = sourcecode.swift; path = AppDelegate.swift; sourceTree = "<group>"; };
		21EA13A6213622C800C5CB34 /* Base */ = {isa = PBXFileReference; lastKnownFileType = file.storyboard; name = Base; path = Base.lproj/Main.storyboard; sourceTree = "<group>"; };
		21EA13A9213622C800C5CB34 /* TaskTrackr.xcdatamodel */ = {isa = PBXFileReference; lastKnownFileType = wrapper.xcdatamodel; path = TaskTrackr.xcdatamodel; sourceTree = "<group>"; };
		21EA13AB213622C900C5CB34 /* Assets.xcassets */ = {isa = PBXFileReference; lastKnownFileType = folder.assetcatalog; path = Assets.xcassets; sourceTree = "<group>"; };
		21EA13AE213622C900C5CB34 /* Base */ = {isa = PBXFileReference; lastKnownFileType = file.storyboard; name = Base; path = Base.lproj/LaunchScreen.storyboard; sourceTree = "<group>"; };
		21EA13B0213622C900C5CB34 /* Info.plist */ = {isa = PBXFileReference; lastKnownFileType = text.plist.xml; path = Info.plist; sourceTree = "<group>"; };
		21EA13C021364FF200C5CB34 /* TaskTrackingViewController.swift */ = {isa = PBXFileReference; lastKnownFileType = sourcecode.swift; path = TaskTrackingViewController.swift; sourceTree = "<group>"; };
		21EA13C22136505200C5CB34 /* TaskSearchTableViewController.swift */ = {isa = PBXFileReference; lastKnownFileType = sourcecode.swift; path = TaskSearchTableViewController.swift; sourceTree = "<group>"; };
		21F7A8CD214E263A00A01AB5 /* TagControlTableViewCell.xib */ = {isa = PBXFileReference; lastKnownFileType = file.xib; path = TagControlTableViewCell.xib; sourceTree = "<group>"; };
		9A6487C605C9341862DA23B1 /* Pods_TaskTrackr.framework */ = {isa = PBXFileReference; explicitFileType = wrapper.framework; includeInIndex = 0; path = Pods_TaskTrackr.framework; sourceTree = BUILT_PRODUCTS_DIR; };
		B7D12C04F2B5A29FEE2D4BD5 /* Pods-TaskTrackr.release.xcconfig */ = {isa = PBXFileReference; includeInIndex = 1; lastKnownFileType = text.xcconfig; name = "Pods-TaskTrackr.release.xcconfig"; path = "Pods/Target Support Files/Pods-TaskTrackr/Pods-TaskTrackr.release.xcconfig"; sourceTree = "<group>"; };
		D66AE966DB494017D1AA2BB8 /* Pods-TaskTrackr.debug.xcconfig */ = {isa = PBXFileReference; includeInIndex = 1; lastKnownFileType = text.xcconfig; name = "Pods-TaskTrackr.debug.xcconfig"; path = "Pods/Target Support Files/Pods-TaskTrackr/Pods-TaskTrackr.debug.xcconfig"; sourceTree = "<group>"; };
/* End PBXFileReference section */

/* Begin PBXFrameworksBuildPhase section */
		21EA139B213622C800C5CB34 /* Frameworks */ = {
			isa = PBXFrameworksBuildPhase;
			buildActionMask = 2147483647;
			files = (
				B7F2E06E71D2CEECD93433CC /* Pods_TaskTrackr.framework in Frameworks */,
			);
			runOnlyForDeploymentPostprocessing = 0;
		};
/* End PBXFrameworksBuildPhase section */

/* Begin PBXGroup section */
		210620212141239B00BA2050 /* Extensions */ = {
			isa = PBXGroup;
			children = (
				21062024214131CB00BA2050 /* UIView+constraints.swift */,
				2125E6AD214E4AF0002FE54B /* UIColor.swift */,
				219065B02158BD87004D96AC /* UIImage.swift */,
				219065B22158D272004D96AC /* UITableViewCell.swift */,
			);
			path = Extensions;
			sourceTree = "<group>";
		};
		210C04D3213CAF9C00576564 /* Model */ = {
			isa = PBXGroup;
			children = (
				21BBC787213E63F00006B5B4 /* Tool.swift */,
				21BBC789213E65890006B5B4 /* Product.swift */,
				21BBC78B213E681D0006B5B4 /* Worker.swift */,
				21BBC78D213E69440006B5B4 /* Site.swift */,
				21BBC78F213E6BB00006B5B4 /* Service.swift */,
				2135DD88215F437E004AAC96 /* Task.swift */,
				2135DD8A215F45EB004AAC96 /* DataModel.swift */,
			);
			path = Model;
			sourceTree = "<group>";
		};
		2135DD85215F424E004AAC96 /* ViewModel */ = {
			isa = PBXGroup;
			children = (
				210C04D1213CAF7E00576564 /* DatabaseService.swift */,
				2135DD80215F40CF004AAC96 /* ViewModel.swift */,
			);
			path = ViewModel;
			sourceTree = "<group>";
		};
		213DA70F2153A00A00D0C7AF /* Components */ = {
			isa = PBXGroup;
			children = (
				21DF277C214E0A6800BB2799 /* TagTableViewCell.swift */,
				21DF277D214E0A6800BB2799 /* TagTableViewCell.xib */,
				21F7A8CD214E263A00A01AB5 /* TagControlTableViewCell.xib */,
				213DA7102153A03E00D0C7AF /* Cells.swift */,
				213DA7112153A03E00D0C7AF /* ToolTableViewCell.xib */,
				213DA7192153A0F500D0C7AF /* ModelTableViewCell.xib */,
			);
			path = Components;
			sourceTree = "<group>";
		};
		21C4B347216B3DF200913ADB /* Task */ = {
			isa = PBXGroup;
			children = (
				21EA13C22136505200C5CB34 /* TaskSearchTableViewController.swift */,
				21C4B345216B3D6900913ADB /* TaskEditorViewController.swift */,
				21EA13C021364FF200C5CB34 /* TaskTrackingViewController.swift */,
			);
			path = Task;
			sourceTree = "<group>";
		};
		21D8D654213F969D0092AEBB /* Management */ = {
			isa = PBXGroup;
			children = (
				2195F4B92159DEFA00309990 /* PickupViewController.swift */,
				21A67483214220020012B555 /* ItemEditorController.swift */,
				21D8D65A213FE30D0092AEBB /* PageRouterViewController.swift */,
				21D8D655213F96E00092AEBB /* ServicesTableViewController.swift */,
				21D8D657213F97170092AEBB /* WorkersTableViewController.swift */,
				21A265E82140781200671F6C /* ProductsTableViewController.swift */,
				21A265EA2140782E00671F6C /* ToolsTableViewController.swift */,
				21A265EC2140787100671F6C /* SitesTableViewController.swift */,
			);
			path = Management;
			sourceTree = "<group>";
		};
		21EA1395213622C800C5CB34 = {
			isa = PBXGroup;
			children = (
				21EA13A0213622C800C5CB34 /* TaskTrackr */,
				21EA139F213622C800C5CB34 /* Products */,
				2684FDD175379CAF1501DE26 /* Pods */,
				8020276088841BE4D7002B4B /* Frameworks */,
			);
			sourceTree = "<group>";
		};
		21EA139F213622C800C5CB34 /* Products */ = {
			isa = PBXGroup;
			children = (
				21EA139E213622C800C5CB34 /* TaskTrackr.app */,
			);
			name = Products;
			sourceTree = "<group>";
		};
		21EA13A0213622C800C5CB34 /* TaskTrackr */ = {
			isa = PBXGroup;
			children = (
				21EA13A1213622C800C5CB34 /* AppDelegate.swift */,
				21EA13A5213622C800C5CB34 /* Main.storyboard */,
				21EA13AB213622C900C5CB34 /* Assets.xcassets */,
				21EA13AD213622C900C5CB34 /* LaunchScreen.storyboard */,
				21EA13A8213622C800C5CB34 /* TaskTrackr.xcdatamodeld */,
				21EA13B0213622C900C5CB34 /* Info.plist */,
				2122019D21436D3000EE8A06 /* LoginViewController.swift */,
				21BBC785213E5A330006B5B4 /* Static.swift */,
				21C4B347216B3DF200913ADB /* Task */,
				21D8D654213F969D0092AEBB /* Management */,
				210620212141239B00BA2050 /* Extensions */,
				213DA70F2153A00A00D0C7AF /* Components */,
				2135DD85215F424E004AAC96 /* ViewModel */,
				210C04D3213CAF9C00576564 /* Model */,
			);
			path = TaskTrackr;
			sourceTree = "<group>";
		};
		2684FDD175379CAF1501DE26 /* Pods */ = {
			isa = PBXGroup;
			children = (
				D66AE966DB494017D1AA2BB8 /* Pods-TaskTrackr.debug.xcconfig */,
				B7D12C04F2B5A29FEE2D4BD5 /* Pods-TaskTrackr.release.xcconfig */,
			);
			name = Pods;
			sourceTree = "<group>";
		};
		8020276088841BE4D7002B4B /* Frameworks */ = {
			isa = PBXGroup;
			children = (
				9A6487C605C9341862DA23B1 /* Pods_TaskTrackr.framework */,
			);
			name = Frameworks;
			sourceTree = "<group>";
		};
/* End PBXGroup section */

/* Begin PBXNativeTarget section */
		21EA139D213622C800C5CB34 /* TaskTrackr */ = {
			isa = PBXNativeTarget;
			buildConfigurationList = 21EA13B3213622C900C5CB34 /* Build configuration list for PBXNativeTarget "TaskTrackr" */;
			buildPhases = (
				9F4AAED0C0F68F34BA055C56 /* [CP] Check Pods Manifest.lock */,
				21EA139A213622C800C5CB34 /* Sources */,
				21EA139B213622C800C5CB34 /* Frameworks */,
				21EA139C213622C800C5CB34 /* Resources */,
				7EC65A0A918120F2F8554787 /* [CP] Embed Pods Frameworks */,
			);
			buildRules = (
			);
			dependencies = (
			);
			name = TaskTrackr;
			productName = TaskTrackr;
			productReference = 21EA139E213622C800C5CB34 /* TaskTrackr.app */;
			productType = "com.apple.product-type.application";
		};
/* End PBXNativeTarget section */

/* Begin PBXProject section */
		21EA1396213622C800C5CB34 /* Project object */ = {
			isa = PBXProject;
			attributes = {
				LastSwiftUpdateCheck = 1000;
				LastUpgradeCheck = 1000;
				ORGANIZATIONNAME = LomoStudio;
				TargetAttributes = {
					21EA139D213622C800C5CB34 = {
						CreatedOnToolsVersion = 10.0;
					};
				};
			};
			buildConfigurationList = 21EA1399213622C800C5CB34 /* Build configuration list for PBXProject "TaskTrackr" */;
			compatibilityVersion = "Xcode 9.3";
			developmentRegion = en;
			hasScannedForEncodings = 0;
			knownRegions = (
				en,
				Base,
			);
			mainGroup = 21EA1395213622C800C5CB34;
			productRefGroup = 21EA139F213622C800C5CB34 /* Products */;
			projectDirPath = "";
			projectRoot = "";
			targets = (
				21EA139D213622C800C5CB34 /* TaskTrackr */,
			);
		};
/* End PBXProject section */

/* Begin PBXResourcesBuildPhase section */
		21EA139C213622C800C5CB34 /* Resources */ = {
			isa = PBXResourcesBuildPhase;
			buildActionMask = 2147483647;
			files = (
				21DF277F214E0A6800BB2799 /* TagTableViewCell.xib in Resources */,
				213DA7132153A03E00D0C7AF /* ToolTableViewCell.xib in Resources */,
				21EA13AF213622C900C5CB34 /* LaunchScreen.storyboard in Resources */,
				213DA71B2153A0F500D0C7AF /* ModelTableViewCell.xib in Resources */,
				21EA13AC213622C900C5CB34 /* Assets.xcassets in Resources */,
				21F7A8CF214E263A00A01AB5 /* TagControlTableViewCell.xib in Resources */,
				21EA13A7213622C800C5CB34 /* Main.storyboard in Resources */,
			);
			runOnlyForDeploymentPostprocessing = 0;
		};
/* End PBXResourcesBuildPhase section */

/* Begin PBXShellScriptBuildPhase section */
		7EC65A0A918120F2F8554787 /* [CP] Embed Pods Frameworks */ = {
			isa = PBXShellScriptBuildPhase;
			buildActionMask = 2147483647;
			files = (
			);
			inputPaths = (
				"${SRCROOT}/Pods/Target Support Files/Pods-TaskTrackr/Pods-TaskTrackr-frameworks.sh",
				"${BUILT_PRODUCTS_DIR}/CollapsibleTableSectionViewController/CollapsibleTableSectionViewController.framework",
				"${BUILT_PRODUCTS_DIR}/Former/Former.framework",
				"${BUILT_PRODUCTS_DIR}/LFLoginController/LFLoginController.framework",
				"${BUILT_PRODUCTS_DIR}/Parchment/Parchment.framework",
				"${BUILT_PRODUCTS_DIR}/Realm/Realm.framework",
				"${BUILT_PRODUCTS_DIR}/RealmSwift/RealmSwift.framework",
				"${BUILT_PRODUCTS_DIR}/TagListView/TagListView.framework",
				"${BUILT_PRODUCTS_DIR}/Toaster/Toaster.framework",
			);
			name = "[CP] Embed Pods Frameworks";
			outputPaths = (
				"${TARGET_BUILD_DIR}/${FRAMEWORKS_FOLDER_PATH}/CollapsibleTableSectionViewController.framework",
				"${TARGET_BUILD_DIR}/${FRAMEWORKS_FOLDER_PATH}/Former.framework",
				"${TARGET_BUILD_DIR}/${FRAMEWORKS_FOLDER_PATH}/LFLoginController.framework",
				"${TARGET_BUILD_DIR}/${FRAMEWORKS_FOLDER_PATH}/Parchment.framework",
				"${TARGET_BUILD_DIR}/${FRAMEWORKS_FOLDER_PATH}/Realm.framework",
				"${TARGET_BUILD_DIR}/${FRAMEWORKS_FOLDER_PATH}/RealmSwift.framework",
				"${TARGET_BUILD_DIR}/${FRAMEWORKS_FOLDER_PATH}/TagListView.framework",
				"${TARGET_BUILD_DIR}/${FRAMEWORKS_FOLDER_PATH}/Toaster.framework",
			);
			runOnlyForDeploymentPostprocessing = 0;
			shellPath = /bin/sh;
			shellScript = "\"${SRCROOT}/Pods/Target Support Files/Pods-TaskTrackr/Pods-TaskTrackr-frameworks.sh\"\n";
			showEnvVarsInLog = 0;
		};
		9F4AAED0C0F68F34BA055C56 /* [CP] Check Pods Manifest.lock */ = {
			isa = PBXShellScriptBuildPhase;
			buildActionMask = 2147483647;
			files = (
			);
			inputPaths = (
				"${PODS_PODFILE_DIR_PATH}/Podfile.lock",
				"${PODS_ROOT}/Manifest.lock",
			);
			name = "[CP] Check Pods Manifest.lock";
			outputPaths = (
				"$(DERIVED_FILE_DIR)/Pods-TaskTrackr-checkManifestLockResult.txt",
			);
			runOnlyForDeploymentPostprocessing = 0;
			shellPath = /bin/sh;
			shellScript = "diff \"${PODS_PODFILE_DIR_PATH}/Podfile.lock\" \"${PODS_ROOT}/Manifest.lock\" > /dev/null\nif [ $? != 0 ] ; then\n    # print error to STDERR\n    echo \"error: The sandbox is not in sync with the Podfile.lock. Run 'pod install' or update your CocoaPods installation.\" >&2\n    exit 1\nfi\n# This output is used by Xcode 'outputs' to avoid re-running this script phase.\necho \"SUCCESS\" > \"${SCRIPT_OUTPUT_FILE_0}\"\n";
			showEnvVarsInLog = 0;
		};
/* End PBXShellScriptBuildPhase section */

/* Begin PBXSourcesBuildPhase section */
		21EA139A213622C800C5CB34 /* Sources */ = {
			isa = PBXSourcesBuildPhase;
			buildActionMask = 2147483647;
			files = (
				2195F4BA2159DEFA00309990 /* PickupViewController.swift in Sources */,
				21A67484214220020012B555 /* ItemEditorController.swift in Sources */,
				210C04D2213CAF7E00576564 /* DatabaseService.swift in Sources */,
				21A265EB2140782E00671F6C /* ToolsTableViewController.swift in Sources */,
				21BBC790213E6BB00006B5B4 /* Service.swift in Sources */,
				219065B32158D272004D96AC /* UITableViewCell.swift in Sources */,
				21EA13C121364FF200C5CB34 /* TaskTrackingViewController.swift in Sources */,
				219065B12158BD87004D96AC /* UIImage.swift in Sources */,
				21D8D65B213FE30D0092AEBB /* PageRouterViewController.swift in Sources */,
				21DF277E214E0A6800BB2799 /* TagTableViewCell.swift in Sources */,
				2135DD81215F40CF004AAC96 /* ViewModel.swift in Sources */,
				2125E6AE214E4AF0002FE54B /* UIColor.swift in Sources */,
				2135DD89215F437E004AAC96 /* Task.swift in Sources */,
				21A265E92140781200671F6C /* ProductsTableViewController.swift in Sources */,
				21BBC78A213E65890006B5B4 /* Product.swift in Sources */,
				213DA7122153A03E00D0C7AF /* Cells.swift in Sources */,
				2122019E21436D3000EE8A06 /* LoginViewController.swift in Sources */,
				21062025214131CB00BA2050 /* UIView+constraints.swift in Sources */,
				21BBC788213E63F00006B5B4 /* Tool.swift in Sources */,
				21A265ED2140787100671F6C /* SitesTableViewController.swift in Sources */,
				21BBC78C213E681D0006B5B4 /* Worker.swift in Sources */,
				21D8D656213F96E00092AEBB /* ServicesTableViewController.swift in Sources */,
				21D8D658213F97170092AEBB /* WorkersTableViewController.swift in Sources */,
				21EA13A2213622C800C5CB34 /* AppDelegate.swift in Sources */,
				21C4B346216B3D6900913ADB /* TaskEditorViewController.swift in Sources */,
				21BBC786213E5A330006B5B4 /* Static.swift in Sources */,
				2135DD8B215F45EB004AAC96 /* DataModel.swift in Sources */,
				21EA13C32136505200C5CB34 /* TaskSearchTableViewController.swift in Sources */,
				21BBC78E213E69440006B5B4 /* Site.swift in Sources */,
				21EA13AA213622C800C5CB34 /* TaskTrackr.xcdatamodeld in Sources */,
			);
			runOnlyForDeploymentPostprocessing = 0;
		};
/* End PBXSourcesBuildPhase section */

/* Begin PBXVariantGroup section */
		21EA13A5213622C800C5CB34 /* Main.storyboard */ = {
			isa = PBXVariantGroup;
			children = (
				21EA13A6213622C800C5CB34 /* Base */,
			);
			name = Main.storyboard;
			sourceTree = "<group>";
		};
		21EA13AD213622C900C5CB34 /* LaunchScreen.storyboard */ = {
			isa = PBXVariantGroup;
			children = (
				21EA13AE213622C900C5CB34 /* Base */,
			);
			name = LaunchScreen.storyboard;
			sourceTree = "<group>";
		};
/* End PBXVariantGroup section */

/* Begin XCBuildConfiguration section */
		21EA13B1213622C900C5CB34 /* Debug */ = {
			isa = XCBuildConfiguration;
			buildSettings = {
				ALWAYS_SEARCH_USER_PATHS = NO;
				CLANG_ANALYZER_NONNULL = YES;
				CLANG_ANALYZER_NUMBER_OBJECT_CONVERSION = YES_AGGRESSIVE;
				CLANG_CXX_LANGUAGE_STANDARD = "gnu++14";
				CLANG_CXX_LIBRARY = "libc++";
				CLANG_ENABLE_MODULES = YES;
				CLANG_ENABLE_OBJC_ARC = YES;
				CLANG_ENABLE_OBJC_WEAK = YES;
				CLANG_WARN_BLOCK_CAPTURE_AUTORELEASING = YES;
				CLANG_WARN_BOOL_CONVERSION = YES;
				CLANG_WARN_COMMA = YES;
				CLANG_WARN_CONSTANT_CONVERSION = YES;
				CLANG_WARN_DEPRECATED_OBJC_IMPLEMENTATIONS = YES;
				CLANG_WARN_DIRECT_OBJC_ISA_USAGE = YES_ERROR;
				CLANG_WARN_DOCUMENTATION_COMMENTS = YES;
				CLANG_WARN_EMPTY_BODY = YES;
				CLANG_WARN_ENUM_CONVERSION = YES;
				CLANG_WARN_INFINITE_RECURSION = YES;
				CLANG_WARN_INT_CONVERSION = YES;
				CLANG_WARN_NON_LITERAL_NULL_CONVERSION = YES;
				CLANG_WARN_OBJC_IMPLICIT_RETAIN_SELF = YES;
				CLANG_WARN_OBJC_LITERAL_CONVERSION = YES;
				CLANG_WARN_OBJC_ROOT_CLASS = YES_ERROR;
				CLANG_WARN_RANGE_LOOP_ANALYSIS = YES;
				CLANG_WARN_STRICT_PROTOTYPES = YES;
				CLANG_WARN_SUSPICIOUS_MOVE = YES;
				CLANG_WARN_UNGUARDED_AVAILABILITY = YES_AGGRESSIVE;
				CLANG_WARN_UNREACHABLE_CODE = YES;
				CLANG_WARN__DUPLICATE_METHOD_MATCH = YES;
				CODE_SIGN_IDENTITY = "iPhone Developer";
				COPY_PHASE_STRIP = NO;
				DEBUG_INFORMATION_FORMAT = dwarf;
				ENABLE_STRICT_OBJC_MSGSEND = YES;
				ENABLE_TESTABILITY = YES;
				GCC_C_LANGUAGE_STANDARD = gnu11;
				GCC_DYNAMIC_NO_PIC = NO;
				GCC_NO_COMMON_BLOCKS = YES;
				GCC_OPTIMIZATION_LEVEL = 0;
				GCC_PREPROCESSOR_DEFINITIONS = (
					"DEBUG=1",
					"$(inherited)",
				);
				GCC_WARN_64_TO_32_BIT_CONVERSION = YES;
				GCC_WARN_ABOUT_RETURN_TYPE = YES_ERROR;
				GCC_WARN_UNDECLARED_SELECTOR = YES;
				GCC_WARN_UNINITIALIZED_AUTOS = YES_AGGRESSIVE;
				GCC_WARN_UNUSED_FUNCTION = YES;
				GCC_WARN_UNUSED_VARIABLE = YES;
				IPHONEOS_DEPLOYMENT_TARGET = 12.0;
				MTL_ENABLE_DEBUG_INFO = INCLUDE_SOURCE;
				MTL_FAST_MATH = YES;
				ONLY_ACTIVE_ARCH = YES;
				SDKROOT = iphoneos;
				SWIFT_ACTIVE_COMPILATION_CONDITIONS = DEBUG;
				SWIFT_OPTIMIZATION_LEVEL = "-Onone";
			};
			name = Debug;
		};
		21EA13B2213622C900C5CB34 /* Release */ = {
			isa = XCBuildConfiguration;
			buildSettings = {
				ALWAYS_SEARCH_USER_PATHS = NO;
				CLANG_ANALYZER_NONNULL = YES;
				CLANG_ANALYZER_NUMBER_OBJECT_CONVERSION = YES_AGGRESSIVE;
				CLANG_CXX_LANGUAGE_STANDARD = "gnu++14";
				CLANG_CXX_LIBRARY = "libc++";
				CLANG_ENABLE_MODULES = YES;
				CLANG_ENABLE_OBJC_ARC = YES;
				CLANG_ENABLE_OBJC_WEAK = YES;
				CLANG_WARN_BLOCK_CAPTURE_AUTORELEASING = YES;
				CLANG_WARN_BOOL_CONVERSION = YES;
				CLANG_WARN_COMMA = YES;
				CLANG_WARN_CONSTANT_CONVERSION = YES;
				CLANG_WARN_DEPRECATED_OBJC_IMPLEMENTATIONS = YES;
				CLANG_WARN_DIRECT_OBJC_ISA_USAGE = YES_ERROR;
				CLANG_WARN_DOCUMENTATION_COMMENTS = YES;
				CLANG_WARN_EMPTY_BODY = YES;
				CLANG_WARN_ENUM_CONVERSION = YES;
				CLANG_WARN_INFINITE_RECURSION = YES;
				CLANG_WARN_INT_CONVERSION = YES;
				CLANG_WARN_NON_LITERAL_NULL_CONVERSION = YES;
				CLANG_WARN_OBJC_IMPLICIT_RETAIN_SELF = YES;
				CLANG_WARN_OBJC_LITERAL_CONVERSION = YES;
				CLANG_WARN_OBJC_ROOT_CLASS = YES_ERROR;
				CLANG_WARN_RANGE_LOOP_ANALYSIS = YES;
				CLANG_WARN_STRICT_PROTOTYPES = YES;
				CLANG_WARN_SUSPICIOUS_MOVE = YES;
				CLANG_WARN_UNGUARDED_AVAILABILITY = YES_AGGRESSIVE;
				CLANG_WARN_UNREACHABLE_CODE = YES;
				CLANG_WARN__DUPLICATE_METHOD_MATCH = YES;
				CODE_SIGN_IDENTITY = "iPhone Developer";
				COPY_PHASE_STRIP = NO;
				DEBUG_INFORMATION_FORMAT = "dwarf-with-dsym";
				ENABLE_NS_ASSERTIONS = NO;
				ENABLE_STRICT_OBJC_MSGSEND = YES;
				GCC_C_LANGUAGE_STANDARD = gnu11;
				GCC_NO_COMMON_BLOCKS = YES;
				GCC_WARN_64_TO_32_BIT_CONVERSION = YES;
				GCC_WARN_ABOUT_RETURN_TYPE = YES_ERROR;
				GCC_WARN_UNDECLARED_SELECTOR = YES;
				GCC_WARN_UNINITIALIZED_AUTOS = YES_AGGRESSIVE;
				GCC_WARN_UNUSED_FUNCTION = YES;
				GCC_WARN_UNUSED_VARIABLE = YES;
				IPHONEOS_DEPLOYMENT_TARGET = 12.0;
				MTL_ENABLE_DEBUG_INFO = NO;
				MTL_FAST_MATH = YES;
				SDKROOT = iphoneos;
				SWIFT_COMPILATION_MODE = wholemodule;
				SWIFT_OPTIMIZATION_LEVEL = "-O";
				VALIDATE_PRODUCT = YES;
			};
			name = Release;
		};
		21EA13B4213622C900C5CB34 /* Debug */ = {
			isa = XCBuildConfiguration;
			baseConfigurationReference = D66AE966DB494017D1AA2BB8 /* Pods-TaskTrackr.debug.xcconfig */;
			buildSettings = {
				ASSETCATALOG_COMPILER_APPICON_NAME = AppIcon;
				CODE_SIGN_STYLE = Automatic;
				DEVELOPMENT_TEAM = 23K44RMKVB;
				INFOPLIST_FILE = TaskTrackr/Info.plist;
				LD_RUNPATH_SEARCH_PATHS = (
					"$(inherited)",
					"@executable_path/Frameworks",
				);
				PRODUCT_BUNDLE_IDENTIFIER = com.lomostudio.TaskTrackr;
				PRODUCT_NAME = "$(TARGET_NAME)";
				SWIFT_VERSION = 4.2;
				TARGETED_DEVICE_FAMILY = "1,2";
			};
			name = Debug;
		};
		21EA13B5213622C900C5CB34 /* Release */ = {
			isa = XCBuildConfiguration;
			baseConfigurationReference = B7D12C04F2B5A29FEE2D4BD5 /* Pods-TaskTrackr.release.xcconfig */;
			buildSettings = {
				ASSETCATALOG_COMPILER_APPICON_NAME = AppIcon;
				CODE_SIGN_STYLE = Automatic;
				DEVELOPMENT_TEAM = 23K44RMKVB;
				INFOPLIST_FILE = TaskTrackr/Info.plist;
				LD_RUNPATH_SEARCH_PATHS = (
					"$(inherited)",
					"@executable_path/Frameworks",
				);
				PRODUCT_BUNDLE_IDENTIFIER = com.lomostudio.TaskTrackr;
				PRODUCT_NAME = "$(TARGET_NAME)";
				SWIFT_VERSION = 4.2;
				TARGETED_DEVICE_FAMILY = "1,2";
			};
			name = Release;
		};
/* End XCBuildConfiguration section */

/* Begin XCConfigurationList section */
		21EA1399213622C800C5CB34 /* Build configuration list for PBXProject "TaskTrackr" */ = {
			isa = XCConfigurationList;
			buildConfigurations = (
				21EA13B1213622C900C5CB34 /* Debug */,
				21EA13B2213622C900C5CB34 /* Release */,
			);
			defaultConfigurationIsVisible = 0;
			defaultConfigurationName = Release;
		};
		21EA13B3213622C900C5CB34 /* Build configuration list for PBXNativeTarget "TaskTrackr" */ = {
			isa = XCConfigurationList;
			buildConfigurations = (
				21EA13B4213622C900C5CB34 /* Debug */,
				21EA13B5213622C900C5CB34 /* Release */,
			);
			defaultConfigurationIsVisible = 0;
			defaultConfigurationName = Release;
		};
/* End XCConfigurationList section */

/* Begin XCVersionGroup section */
		21EA13A8213622C800C5CB34 /* TaskTrackr.xcdatamodeld */ = {
			isa = XCVersionGroup;
			children = (
				21EA13A9213622C800C5CB34 /* TaskTrackr.xcdatamodel */,
			);
			currentVersion = 21EA13A9213622C800C5CB34 /* TaskTrackr.xcdatamodel */;
			path = TaskTrackr.xcdatamodeld;
			sourceTree = "<group>";
			versionGroupType = wrapper.xcdatamodel;
		};
/* End XCVersionGroup section */
	};
	rootObject = 21EA1396213622C800C5CB34 /* Project object */;
}
